PODS:
  - SDWebImage (5.13.4):
    - SDWebImage/Core (= 5.13.4)
  - SDWebImage/Core (5.13.4)
  - SDWebImage/MapKit (5.13.4):
    - SDWebImage/Core

DEPENDENCIES:
  - SDWebImage (~> 5.0)
  - SDWebImage/MapKit

SPEC REPOS:
  trunk:
    - SDWebImage

SPEC CHECKSUMS:
  SDWebImage: e5cc87bf736e60f49592f307bdf9e157189298a3

PODFILE CHECKSUM: 76b59be6a40ac7aaad30d383bd852935037507ac

COCOAPODS: 1.12.0
