// !$*UTF8*$!
{
	archiveVersion = 1;
	classes = {
	};
	objectVersion = 55;
	objects = {

/* Begin PBXBuildFile section */
		85640052E98138A579FF1739 /* Pods_Study_Netflix_Clone_App.framework in Frameworks */ = {isa = PBXBuildFile; fileRef = 869C022FFD3A21424FEB8EA7 /* Pods_Study_Netflix_Clone_App.framework */; };
		DB31AD462986E6A000578E53 /* HomeViewController.swift in Sources */ = {isa = PBXBuildFile; fileRef = DB31AD452986E6A000578E53 /* HomeViewController.swift */; };
		DB31AD482986E6E900578E53 /* UpcomingViewController.swift in Sources */ = {isa = PBXBuildFile; fileRef = DB31AD472986E6E900578E53 /* UpcomingViewController.swift */; };
		DB31AD4A2986E72B00578E53 /* SearchViewController.swift in Sources */ = {isa = PBXBuildFile; fileRef = DB31AD492986E72B00578E53 /* SearchViewController.swift */; };
		DB31AD4C2986E74A00578E53 /* DownloadsViewController.swift in Sources */ = {isa = PBXBuildFile; fileRef = DB31AD4B2986E74A00578E53 /* DownloadsViewController.swift */; };
		DB31AD53298832B100578E53 /* CollectionViewTableViewCell.swift in Sources */ = {isa = PBXBuildFile; fileRef = DB31AD52298832B100578E53 /* CollectionViewTableViewCell.swift */; };
		DB31AD55298980C600578E53 /* HeaderUIView.swift in Sources */ = {isa = PBXBuildFile; fileRef = DB31AD54298980C600578E53 /* HeaderUIView.swift */; };
		DB31AD57298B65C400578E53 /* APICaller.swift in Sources */ = {isa = PBXBuildFile; fileRef = DB31AD56298B65C400578E53 /* APICaller.swift */; };
		DB43D6B329B612DD00597212 /* UpcomingTableViewCell.swift in Sources */ = {isa = PBXBuildFile; fileRef = DB43D6B229B612DD00597212 /* UpcomingTableViewCell.swift */; };
		DB43D6B529BDBEC400597212 /* SearchTableViewCell.swift in Sources */ = {isa = PBXBuildFile; fileRef = DB43D6B429BDBEC400597212 /* SearchTableViewCell.swift */; };
		DB43D6B729BF601F00597212 /* TitleViewModel.swift in Sources */ = {isa = PBXBuildFile; fileRef = DB43D6B629BF601F00597212 /* TitleViewModel.swift */; };
		DB43D6B929BF64EE00597212 /* SearchResultsViewController.swift in Sources */ = {isa = PBXBuildFile; fileRef = DB43D6B829BF64EE00597212 /* SearchResultsViewController.swift */; };
		DB74945728F5B9720062EE54 /* AppDelegate.swift in Sources */ = {isa = PBXBuildFile; fileRef = DB74945628F5B9720062EE54 /* AppDelegate.swift */; };
		DB74945928F5B9720062EE54 /* SceneDelegate.swift in Sources */ = {isa = PBXBuildFile; fileRef = DB74945828F5B9720062EE54 /* SceneDelegate.swift */; };
		DB74945B28F5B9720062EE54 /* MainTabBarViewController.swift in Sources */ = {isa = PBXBuildFile; fileRef = DB74945A28F5B9720062EE54 /* MainTabBarViewController.swift */; };
		DB74946028F5B9740062EE54 /* Assets.xcassets in Resources */ = {isa = PBXBuildFile; fileRef = DB74945F28F5B9740062EE54 /* Assets.xcassets */; };
		DB74946328F5B9740062EE54 /* LaunchScreen.storyboard in Resources */ = {isa = PBXBuildFile; fileRef = DB74946128F5B9740062EE54 /* LaunchScreen.storyboard */; };
		DBBB95D229A7A28E00559790 /* Title.swift in Sources */ = {isa = PBXBuildFile; fileRef = DBBB95D129A7A28E00559790 /* Title.swift */; };
		DBBB95D629A7B3F000559790 /* Extensions.swift in Sources */ = {isa = PBXBuildFile; fileRef = DBBB95D529A7B3F000559790 /* Extensions.swift */; };
		DBBB95DA29AE4C5E00559790 /* TitleCollectionViewCell.swift in Sources */ = {isa = PBXBuildFile; fileRef = DBBB95D929AE4C5E00559790 /* TitleCollectionViewCell.swift */; };
		DBBB95DC29B0625A00559790 /* Extension.swift in Sources */ = {isa = PBXBuildFile; fileRef = DBBB95DB29B0625A00559790 /* Extension.swift */; };
		DBBB95DE29B062F100559790 /* Secrets.plist in Resources */ = {isa = PBXBuildFile; fileRef = DBBB95DD29B062F100559790 /* Secrets.plist */; };
/* End PBXBuildFile section */

/* Begin PBXFileReference section */
		869C022FFD3A21424FEB8EA7 /* Pods_Study_Netflix_Clone_App.framework */ = {isa = PBXFileReference; explicitFileType = wrapper.framework; includeInIndex = 0; path = Pods_Study_Netflix_Clone_App.framework; sourceTree = BUILT_PRODUCTS_DIR; };
		92C4AE43EA4901EF46848CC4 /* Pods-Study-Netflix-Clone-App.release.xcconfig */ = {isa = PBXFileReference; includeInIndex = 1; lastKnownFileType = text.xcconfig; name = "Pods-Study-Netflix-Clone-App.release.xcconfig"; path = "Target Support Files/Pods-Study-Netflix-Clone-App/Pods-Study-Netflix-Clone-App.release.xcconfig"; sourceTree = "<group>"; };
		A457FC4B3A88B50385B5F4B6 /* Pods-Study-Netflix-Clone-App.debug.xcconfig */ = {isa = PBXFileReference; includeInIndex = 1; lastKnownFileType = text.xcconfig; name = "Pods-Study-Netflix-Clone-App.debug.xcconfig"; path = "Target Support Files/Pods-Study-Netflix-Clone-App/Pods-Study-Netflix-Clone-App.debug.xcconfig"; sourceTree = "<group>"; };
		DB31AD452986E6A000578E53 /* HomeViewController.swift */ = {isa = PBXFileReference; lastKnownFileType = sourcecode.swift; path = HomeViewController.swift; sourceTree = "<group>"; };
		DB31AD472986E6E900578E53 /* UpcomingViewController.swift */ = {isa = PBXFileReference; lastKnownFileType = sourcecode.swift; path = UpcomingViewController.swift; sourceTree = "<group>"; };
		DB31AD492986E72B00578E53 /* SearchViewController.swift */ = {isa = PBXFileReference; lastKnownFileType = sourcecode.swift; path = SearchViewController.swift; sourceTree = "<group>"; };
		DB31AD4B2986E74A00578E53 /* DownloadsViewController.swift */ = {isa = PBXFileReference; lastKnownFileType = sourcecode.swift; path = DownloadsViewController.swift; sourceTree = "<group>"; };
		DB31AD52298832B100578E53 /* CollectionViewTableViewCell.swift */ = {isa = PBXFileReference; lastKnownFileType = sourcecode.swift; path = CollectionViewTableViewCell.swift; sourceTree = "<group>"; };
		DB31AD54298980C600578E53 /* HeaderUIView.swift */ = {isa = PBXFileReference; lastKnownFileType = sourcecode.swift; path = HeaderUIView.swift; sourceTree = "<group>"; };
		DB31AD56298B65C400578E53 /* APICaller.swift */ = {isa = PBXFileReference; lastKnownFileType = sourcecode.swift; path = APICaller.swift; sourceTree = "<group>"; };
		DB43D6B229B612DD00597212 /* UpcomingTableViewCell.swift */ = {isa = PBXFileReference; lastKnownFileType = sourcecode.swift; path = UpcomingTableViewCell.swift; sourceTree = "<group>"; };
		DB43D6B429BDBEC400597212 /* SearchTableViewCell.swift */ = {isa = PBXFileReference; lastKnownFileType = sourcecode.swift; path = SearchTableViewCell.swift; sourceTree = "<group>"; };
		DB43D6B629BF601F00597212 /* TitleViewModel.swift */ = {isa = PBXFileReference; lastKnownFileType = sourcecode.swift; path = TitleViewModel.swift; sourceTree = "<group>"; };
		DB43D6B829BF64EE00597212 /* SearchResultsViewController.swift */ = {isa = PBXFileReference; lastKnownFileType = sourcecode.swift; path = SearchResultsViewController.swift; sourceTree = "<group>"; };
		DB74945328F5B9720062EE54 /* Study-Netflix-Clone-App.app */ = {isa = PBXFileReference; explicitFileType = wrapper.application; includeInIndex = 0; path = "Study-Netflix-Clone-App.app"; sourceTree = BUILT_PRODUCTS_DIR; };
		DB74945628F5B9720062EE54 /* AppDelegate.swift */ = {isa = PBXFileReference; lastKnownFileType = sourcecode.swift; path = AppDelegate.swift; sourceTree = "<group>"; };
		DB74945828F5B9720062EE54 /* SceneDelegate.swift */ = {isa = PBXFileReference; lastKnownFileType = sourcecode.swift; path = SceneDelegate.swift; sourceTree = "<group>"; };
		DB74945A28F5B9720062EE54 /* MainTabBarViewController.swift */ = {isa = PBXFileReference; lastKnownFileType = sourcecode.swift; path = MainTabBarViewController.swift; sourceTree = "<group>"; };
		DB74945F28F5B9740062EE54 /* Assets.xcassets */ = {isa = PBXFileReference; lastKnownFileType = folder.assetcatalog; path = Assets.xcassets; sourceTree = "<group>"; };
		DB74946228F5B9740062EE54 /* Base */ = {isa = PBXFileReference; lastKnownFileType = file.storyboard; name = Base; path = Base.lproj/LaunchScreen.storyboard; sourceTree = "<group>"; };
		DB74946428F5B9740062EE54 /* Info.plist */ = {isa = PBXFileReference; lastKnownFileType = text.plist.xml; path = Info.plist; sourceTree = "<group>"; };
		DBBB95D129A7A28E00559790 /* Title.swift */ = {isa = PBXFileReference; lastKnownFileType = sourcecode.swift; path = Title.swift; sourceTree = "<group>"; };
		DBBB95D529A7B3F000559790 /* Extensions.swift */ = {isa = PBXFileReference; lastKnownFileType = sourcecode.swift; path = Extensions.swift; sourceTree = "<group>"; };
		DBBB95D929AE4C5E00559790 /* TitleCollectionViewCell.swift */ = {isa = PBXFileReference; lastKnownFileType = sourcecode.swift; path = TitleCollectionViewCell.swift; sourceTree = "<group>"; };
		DBBB95DB29B0625A00559790 /* Extension.swift */ = {isa = PBXFileReference; lastKnownFileType = sourcecode.swift; path = Extension.swift; sourceTree = "<group>"; };
		DBBB95DD29B062F100559790 /* Secrets.plist */ = {isa = PBXFileReference; lastKnownFileType = text.plist.xml; path = Secrets.plist; sourceTree = "<group>"; };
/* End PBXFileReference section */

/* Begin PBXFrameworksBuildPhase section */
		DB74945028F5B9720062EE54 /* Frameworks */ = {
			isa = PBXFrameworksBuildPhase;
			buildActionMask = 2147483647;
			files = (
				85640052E98138A579FF1739 /* Pods_Study_Netflix_Clone_App.framework in Frameworks */,
			);
			runOnlyForDeploymentPostprocessing = 0;
		};
/* End PBXFrameworksBuildPhase section */

/* Begin PBXGroup section */
		1C2C8EF6B09F1925CB726110 /* Pods */ = {
			isa = PBXGroup;
			children = (
				A457FC4B3A88B50385B5F4B6 /* Pods-Study-Netflix-Clone-App.debug.xcconfig */,
				92C4AE43EA4901EF46848CC4 /* Pods-Study-Netflix-Clone-App.release.xcconfig */,
			);
			path = Pods;
			sourceTree = "<group>";
		};
		7B5FD2F6DBFCCC441AB08FF8 /* Frameworks */ = {
			isa = PBXGroup;
			children = (
				869C022FFD3A21424FEB8EA7 /* Pods_Study_Netflix_Clone_App.framework */,
			);
			name = Frameworks;
			sourceTree = "<group>";
		};
		DB31AD442986E67C00578E53 /* Controllers */ = {
			isa = PBXGroup;
			children = (
				DB74945A28F5B9720062EE54 /* MainTabBarViewController.swift */,
				DB31AD452986E6A000578E53 /* HomeViewController.swift */,
				DB31AD472986E6E900578E53 /* UpcomingViewController.swift */,
				DB31AD492986E72B00578E53 /* SearchViewController.swift */,
				DB31AD4B2986E74A00578E53 /* DownloadsViewController.swift */,
				DB43D6B829BF64EE00597212 /* SearchResultsViewController.swift */,
			);
			path = Controllers;
			sourceTree = "<group>";
		};
		DB31AD4D2988319000578E53 /* Views */ = {
			isa = PBXGroup;
			children = (
				DB31AD54298980C600578E53 /* HeaderUIView.swift */,
				DB31AD52298832B100578E53 /* CollectionViewTableViewCell.swift */,
				DBBB95D929AE4C5E00559790 /* TitleCollectionViewCell.swift */,
				DB43D6B229B612DD00597212 /* UpcomingTableViewCell.swift */,
				DB43D6B429BDBEC400597212 /* SearchTableViewCell.swift */,
			);
			path = Views;
			sourceTree = "<group>";
		};
		DB31AD4E2988319700578E53 /* ViewModels */ = {
			isa = PBXGroup;
			children = (
				DB43D6B629BF601F00597212 /* TitleViewModel.swift */,
			);
			path = ViewModels;
			sourceTree = "<group>";
		};
		DB31AD4F2988319D00578E53 /* Models */ = {
			isa = PBXGroup;
			children = (
				DBBB95D129A7A28E00559790 /* Title.swift */,
			);
			path = Models;
			sourceTree = "<group>";
		};
		DB31AD50298831CA00578E53 /* Resources */ = {
			isa = PBXGroup;
			children = (
				DBBB95D529A7B3F000559790 /* Extensions.swift */,
			);
			path = Resources;
			sourceTree = "<group>";
		};
		DB31AD51298831D200578E53 /* Managers */ = {
			isa = PBXGroup;
			children = (
				DB31AD56298B65C400578E53 /* APICaller.swift */,
				DBBB95DB29B0625A00559790 /* Extension.swift */,
				DBBB95DD29B062F100559790 /* Secrets.plist */,
			);
			path = Managers;
			sourceTree = "<group>";
		};
		DB74944A28F5B9720062EE54 = {
			isa = PBXGroup;
			children = (
				DB74945528F5B9720062EE54 /* Study-Netflix-Clone-App */,
				DB74945428F5B9720062EE54 /* Products */,
				1C2C8EF6B09F1925CB726110 /* Pods */,
				7B5FD2F6DBFCCC441AB08FF8 /* Frameworks */,
			);
			sourceTree = "<group>";
		};
		DB74945428F5B9720062EE54 /* Products */ = {
			isa = PBXGroup;
			children = (
				DB74945328F5B9720062EE54 /* Study-Netflix-Clone-App.app */,
			);
			name = Products;
			sourceTree = "<group>";
		};
		DB74945528F5B9720062EE54 /* Study-Netflix-Clone-App */ = {
			isa = PBXGroup;
			children = (
				DB31AD51298831D200578E53 /* Managers */,
				DB31AD50298831CA00578E53 /* Resources */,
				DB31AD4F2988319D00578E53 /* Models */,
				DB31AD4D2988319000578E53 /* Views */,
				DB31AD4E2988319700578E53 /* ViewModels */,
				DB31AD442986E67C00578E53 /* Controllers */,
				DB74945628F5B9720062EE54 /* AppDelegate.swift */,
				DB74945828F5B9720062EE54 /* SceneDelegate.swift */,
				DB74945F28F5B9740062EE54 /* Assets.xcassets */,
				DB74946128F5B9740062EE54 /* LaunchScreen.storyboard */,
				DB74946428F5B9740062EE54 /* Info.plist */,
			);
			path = "Study-Netflix-Clone-App";
			sourceTree = "<group>";
		};
/* End PBXGroup section */

/* Begin PBXNativeTarget section */
		DB74945228F5B9720062EE54 /* Study-Netflix-Clone-App */ = {
			isa = PBXNativeTarget;
			buildConfigurationList = DB74946728F5B9740062EE54 /* Build configuration list for PBXNativeTarget "Study-Netflix-Clone-App" */;
			buildPhases = (
				4DD27D95D4A3695B2B57ABB7 /* [CP] Check Pods Manifest.lock */,
				DB74944F28F5B9720062EE54 /* Sources */,
				DB74945028F5B9720062EE54 /* Frameworks */,
				DB74945128F5B9720062EE54 /* Resources */,
				7DC70BA7FB220E945F63C540 /* [CP] Embed Pods Frameworks */,
			);
			buildRules = (
			);
			dependencies = (
			);
			name = "Study-Netflix-Clone-App";
			productName = "Study-Netflix-Clone-App";
			productReference = DB74945328F5B9720062EE54 /* Study-Netflix-Clone-App.app */;
			productType = "com.apple.product-type.application";
		};
/* End PBXNativeTarget section */

/* Begin PBXProject section */
		DB74944B28F5B9720062EE54 /* Project object */ = {
			isa = PBXProject;
			attributes = {
				BuildIndependentTargetsInParallel = 1;
				LastSwiftUpdateCheck = 1340;
				LastUpgradeCheck = 1340;
				TargetAttributes = {
					DB74945228F5B9720062EE54 = {
						CreatedOnToolsVersion = 13.4;
					};
				};
			};
			buildConfigurationList = DB74944E28F5B9720062EE54 /* Build configuration list for PBXProject "Study-Netflix-Clone-App" */;
			compatibilityVersion = "Xcode 13.0";
			developmentRegion = en;
			hasScannedForEncodings = 0;
			knownRegions = (
				en,
				Base,
			);
			mainGroup = DB74944A28F5B9720062EE54;
			productRefGroup = DB74945428F5B9720062EE54 /* Products */;
			projectDirPath = "";
			projectRoot = "";
			targets = (
				DB74945228F5B9720062EE54 /* Study-Netflix-Clone-App */,
			);
		};
/* End PBXProject section */

/* Begin PBXResourcesBuildPhase section */
		DB74945128F5B9720062EE54 /* Resources */ = {
			isa = PBXResourcesBuildPhase;
			buildActionMask = 2147483647;
			files = (
				DBBB95DE29B062F100559790 /* Secrets.plist in Resources */,
				DB74946328F5B9740062EE54 /* LaunchScreen.storyboard in Resources */,
				DB74946028F5B9740062EE54 /* Assets.xcassets in Resources */,
			);
			runOnlyForDeploymentPostprocessing = 0;
		};
/* End PBXResourcesBuildPhase section */

/* Begin PBXShellScriptBuildPhase section */
		4DD27D95D4A3695B2B57ABB7 /* [CP] Check Pods Manifest.lock */ = {
			isa = PBXShellScriptBuildPhase;
			buildActionMask = 2147483647;
			files = (
			);
			inputFileListPaths = (
			);
			inputPaths = (
				"${PODS_PODFILE_DIR_PATH}/Podfile.lock",
				"${PODS_ROOT}/Manifest.lock",
			);
			name = "[CP] Check Pods Manifest.lock";
			outputFileListPaths = (
			);
			outputPaths = (
				"$(DERIVED_FILE_DIR)/Pods-Study-Netflix-Clone-App-checkManifestLockResult.txt",
			);
			runOnlyForDeploymentPostprocessing = 0;
			shellPath = /bin/sh;
			shellScript = "diff \"${PODS_PODFILE_DIR_PATH}/Podfile.lock\" \"${PODS_ROOT}/Manifest.lock\" > /dev/null\nif [ $? != 0 ] ; then\n    # print error to STDERR\n    echo \"error: The sandbox is not in sync with the Podfile.lock. Run 'pod install' or update your CocoaPods installation.\" >&2\n    exit 1\nfi\n# This output is used by Xcode 'outputs' to avoid re-running this script phase.\necho \"SUCCESS\" > \"${SCRIPT_OUTPUT_FILE_0}\"\n";
			showEnvVarsInLog = 0;
		};
		7DC70BA7FB220E945F63C540 /* [CP] Embed Pods Frameworks */ = {
			isa = PBXShellScriptBuildPhase;
			buildActionMask = 2147483647;
			files = (
			);
			inputFileListPaths = (
				"${PODS_ROOT}/Target Support Files/Pods-Study-Netflix-Clone-App/Pods-Study-Netflix-Clone-App-frameworks-${CONFIGURATION}-input-files.xcfilelist",
			);
			name = "[CP] Embed Pods Frameworks";
			outputFileListPaths = (
				"${PODS_ROOT}/Target Support Files/Pods-Study-Netflix-Clone-App/Pods-Study-Netflix-Clone-App-frameworks-${CONFIGURATION}-output-files.xcfilelist",
			);
			runOnlyForDeploymentPostprocessing = 0;
			shellPath = /bin/sh;
			shellScript = "\"${PODS_ROOT}/Target Support Files/Pods-Study-Netflix-Clone-App/Pods-Study-Netflix-Clone-App-frameworks.sh\"\n";
			showEnvVarsInLog = 0;
		};
/* End PBXShellScriptBuildPhase section */

/* Begin PBXSourcesBuildPhase section */
		DB74944F28F5B9720062EE54 /* Sources */ = {
			isa = PBXSourcesBuildPhase;
			buildActionMask = 2147483647;
			files = (
				DB31AD4A2986E72B00578E53 /* SearchViewController.swift in Sources */,
				DBBB95DA29AE4C5E00559790 /* TitleCollectionViewCell.swift in Sources */,
				DBBB95D229A7A28E00559790 /* Title.swift in Sources */,
				DB74945B28F5B9720062EE54 /* MainTabBarViewController.swift in Sources */,
				DB31AD53298832B100578E53 /* CollectionViewTableViewCell.swift in Sources */,
				DB31AD55298980C600578E53 /* HeaderUIView.swift in Sources */,
				DB31AD4C2986E74A00578E53 /* DownloadsViewController.swift in Sources */,
				DB43D6B929BF64EE00597212 /* SearchResultsViewController.swift in Sources */,
				DB43D6B329B612DD00597212 /* UpcomingTableViewCell.swift in Sources */,
				DB31AD57298B65C400578E53 /* APICaller.swift in Sources */,
				DB43D6B729BF601F00597212 /* TitleViewModel.swift in Sources */,
				DBBB95D629A7B3F000559790 /* Extensions.swift in Sources */,
				DB74945728F5B9720062EE54 /* AppDelegate.swift in Sources */,
				DB74945928F5B9720062EE54 /* SceneDelegate.swift in Sources */,
				DBBB95DC29B0625A00559790 /* Extension.swift in Sources */,
				DB43D6B529BDBEC400597212 /* SearchTableViewCell.swift in Sources */,
				DB31AD482986E6E900578E53 /* UpcomingViewController.swift in Sources */,
				DB31AD462986E6A000578E53 /* HomeViewController.swift in Sources */,
			);
			runOnlyForDeploymentPostprocessing = 0;
		};
/* End PBXSourcesBuildPhase section */

/* Begin PBXVariantGroup section */
		DB74946128F5B9740062EE54 /* LaunchScreen.storyboard */ = {
			isa = PBXVariantGroup;
			children = (
				DB74946228F5B9740062EE54 /* Base */,
			);
			name = LaunchScreen.storyboard;
			sourceTree = "<group>";
		};
/* End PBXVariantGroup section */

/* Begin XCBuildConfiguration section */
		DB74946528F5B9740062EE54 /* Debug */ = {
			isa = XCBuildConfiguration;
			buildSettings = {
				ALWAYS_SEARCH_USER_PATHS = NO;
				CLANG_ANALYZER_NONNULL = YES;
				CLANG_ANALYZER_NUMBER_OBJECT_CONVERSION = YES_AGGRESSIVE;
				CLANG_CXX_LANGUAGE_STANDARD = "gnu++17";
				CLANG_ENABLE_MODULES = YES;
				CLANG_ENABLE_OBJC_ARC = YES;
				CLANG_ENABLE_OBJC_WEAK = YES;
				CLANG_WARN_BLOCK_CAPTURE_AUTORELEASING = YES;
				CLANG_WARN_BOOL_CONVERSION = YES;
				CLANG_WARN_COMMA = YES;
				CLANG_WARN_CONSTANT_CONVERSION = YES;
				CLANG_WARN_DEPRECATED_OBJC_IMPLEMENTATIONS = YES;
				CLANG_WARN_DIRECT_OBJC_ISA_USAGE = YES_ERROR;
				CLANG_WARN_DOCUMENTATION_COMMENTS = YES;
				CLANG_WARN_EMPTY_BODY = YES;
				CLANG_WARN_ENUM_CONVERSION = YES;
				CLANG_WARN_INFINITE_RECURSION = YES;
				CLANG_WARN_INT_CONVERSION = YES;
				CLANG_WARN_NON_LITERAL_NULL_CONVERSION = YES;
				CLANG_WARN_OBJC_IMPLICIT_RETAIN_SELF = YES;
				CLANG_WARN_OBJC_LITERAL_CONVERSION = YES;
				CLANG_WARN_OBJC_ROOT_CLASS = YES_ERROR;
				CLANG_WARN_QUOTED_INCLUDE_IN_FRAMEWORK_HEADER = YES;
				CLANG_WARN_RANGE_LOOP_ANALYSIS = YES;
				CLANG_WARN_STRICT_PROTOTYPES = YES;
				CLANG_WARN_SUSPICIOUS_MOVE = YES;
				CLANG_WARN_UNGUARDED_AVAILABILITY = YES_AGGRESSIVE;
				CLANG_WARN_UNREACHABLE_CODE = YES;
				CLANG_WARN__DUPLICATE_METHOD_MATCH = YES;
				COPY_PHASE_STRIP = NO;
				DEBUG_INFORMATION_FORMAT = dwarf;
				ENABLE_STRICT_OBJC_MSGSEND = YES;
				ENABLE_TESTABILITY = YES;
				GCC_C_LANGUAGE_STANDARD = gnu11;
				GCC_DYNAMIC_NO_PIC = NO;
				GCC_NO_COMMON_BLOCKS = YES;
				GCC_OPTIMIZATION_LEVEL = 0;
				GCC_PREPROCESSOR_DEFINITIONS = (
					"DEBUG=1",
					"$(inherited)",
				);
				GCC_WARN_64_TO_32_BIT_CONVERSION = YES;
				GCC_WARN_ABOUT_RETURN_TYPE = YES_ERROR;
				GCC_WARN_UNDECLARED_SELECTOR = YES;
				GCC_WARN_UNINITIALIZED_AUTOS = YES_AGGRESSIVE;
				GCC_WARN_UNUSED_FUNCTION = YES;
				GCC_WARN_UNUSED_VARIABLE = YES;
				IPHONEOS_DEPLOYMENT_TARGET = 15.5;
				MTL_ENABLE_DEBUG_INFO = INCLUDE_SOURCE;
				MTL_FAST_MATH = YES;
				ONLY_ACTIVE_ARCH = YES;
				SDKROOT = iphoneos;
				SWIFT_ACTIVE_COMPILATION_CONDITIONS = DEBUG;
				SWIFT_OPTIMIZATION_LEVEL = "-Onone";
			};
			name = Debug;
		};
		DB74946628F5B9740062EE54 /* Release */ = {
			isa = XCBuildConfiguration;
			buildSettings = {
				ALWAYS_SEARCH_USER_PATHS = NO;
				CLANG_ANALYZER_NONNULL = YES;
				CLANG_ANALYZER_NUMBER_OBJECT_CONVERSION = YES_AGGRESSIVE;
				CLANG_CXX_LANGUAGE_STANDARD = "gnu++17";
				CLANG_ENABLE_MODULES = YES;
				CLANG_ENABLE_OBJC_ARC = YES;
				CLANG_ENABLE_OBJC_WEAK = YES;
				CLANG_WARN_BLOCK_CAPTURE_AUTORELEASING = YES;
				CLANG_WARN_BOOL_CONVERSION = YES;
				CLANG_WARN_COMMA = YES;
				CLANG_WARN_CONSTANT_CONVERSION = YES;
				CLANG_WARN_DEPRECATED_OBJC_IMPLEMENTATIONS = YES;
				CLANG_WARN_DIRECT_OBJC_ISA_USAGE = YES_ERROR;
				CLANG_WARN_DOCUMENTATION_COMMENTS = YES;
				CLANG_WARN_EMPTY_BODY = YES;
				CLANG_WARN_ENUM_CONVERSION = YES;
				CLANG_WARN_INFINITE_RECURSION = YES;
				CLANG_WARN_INT_CONVERSION = YES;
				CLANG_WARN_NON_LITERAL_NULL_CONVERSION = YES;
				CLANG_WARN_OBJC_IMPLICIT_RETAIN_SELF = YES;
				CLANG_WARN_OBJC_LITERAL_CONVERSION = YES;
				CLANG_WARN_OBJC_ROOT_CLASS = YES_ERROR;
				CLANG_WARN_QUOTED_INCLUDE_IN_FRAMEWORK_HEADER = YES;
				CLANG_WARN_RANGE_LOOP_ANALYSIS = YES;
				CLANG_WARN_STRICT_PROTOTYPES = YES;
				CLANG_WARN_SUSPICIOUS_MOVE = YES;
				CLANG_WARN_UNGUARDED_AVAILABILITY = YES_AGGRESSIVE;
				CLANG_WARN_UNREACHABLE_CODE = YES;
				CLANG_WARN__DUPLICATE_METHOD_MATCH = YES;
				COPY_PHASE_STRIP = NO;
				DEBUG_INFORMATION_FORMAT = "dwarf-with-dsym";
				ENABLE_NS_ASSERTIONS = NO;
				ENABLE_STRICT_OBJC_MSGSEND = YES;
				GCC_C_LANGUAGE_STANDARD = gnu11;
				GCC_NO_COMMON_BLOCKS = YES;
				GCC_WARN_64_TO_32_BIT_CONVERSION = YES;
				GCC_WARN_ABOUT_RETURN_TYPE = YES_ERROR;
				GCC_WARN_UNDECLARED_SELECTOR = YES;
				GCC_WARN_UNINITIALIZED_AUTOS = YES_AGGRESSIVE;
				GCC_WARN_UNUSED_FUNCTION = YES;
				GCC_WARN_UNUSED_VARIABLE = YES;
				IPHONEOS_DEPLOYMENT_TARGET = 15.5;
				MTL_ENABLE_DEBUG_INFO = NO;
				MTL_FAST_MATH = YES;
				SDKROOT = iphoneos;
				SWIFT_COMPILATION_MODE = wholemodule;
				SWIFT_OPTIMIZATION_LEVEL = "-O";
				VALIDATE_PRODUCT = YES;
			};
			name = Release;
		};
		DB74946828F5B9740062EE54 /* Debug */ = {
			isa = XCBuildConfiguration;
			baseConfigurationReference = A457FC4B3A88B50385B5F4B6 /* Pods-Study-Netflix-Clone-App.debug.xcconfig */;
			buildSettings = {
				ASSETCATALOG_COMPILER_APPICON_NAME = AppIcon;
				ASSETCATALOG_COMPILER_GLOBAL_ACCENT_COLOR_NAME = AccentColor;
				CODE_SIGN_STYLE = Automatic;
				CURRENT_PROJECT_VERSION = 1;
				GENERATE_INFOPLIST_FILE = YES;
				INFOPLIST_FILE = "Study-Netflix-Clone-App/Info.plist";
				INFOPLIST_KEY_UIApplicationSupportsIndirectInputEvents = YES;
				INFOPLIST_KEY_UILaunchStoryboardName = LaunchScreen;
				INFOPLIST_KEY_UISupportedInterfaceOrientations_iPad = "UIInterfaceOrientationPortrait UIInterfaceOrientationPortraitUpsideDown UIInterfaceOrientationLandscapeLeft UIInterfaceOrientationLandscapeRight";
				INFOPLIST_KEY_UISupportedInterfaceOrientations_iPhone = "UIInterfaceOrientationPortrait UIInterfaceOrientationLandscapeLeft UIInterfaceOrientationLandscapeRight";
				LD_RUNPATH_SEARCH_PATHS = (
					"$(inherited)",
					"@executable_path/Frameworks",
				);
				MARKETING_VERSION = 1.0;
				PRODUCT_BUNDLE_IDENTIFIER = "org.ayc.Study-Netflix-Clone-App";
				PRODUCT_NAME = "$(TARGET_NAME)";
				SWIFT_EMIT_LOC_STRINGS = YES;
				SWIFT_VERSION = 5.0;
				TARGETED_DEVICE_FAMILY = "1,2";
			};
			name = Debug;
		};
		DB74946928F5B9740062EE54 /* Release */ = {
			isa = XCBuildConfiguration;
			baseConfigurationReference = 92C4AE43EA4901EF46848CC4 /* Pods-Study-Netflix-Clone-App.release.xcconfig */;
			buildSettings = {
				ASSETCATALOG_COMPILER_APPICON_NAME = AppIcon;
				ASSETCATALOG_COMPILER_GLOBAL_ACCENT_COLOR_NAME = AccentColor;
				CODE_SIGN_STYLE = Automatic;
				CURRENT_PROJECT_VERSION = 1;
				GENERATE_INFOPLIST_FILE = YES;
				INFOPLIST_FILE = "Study-Netflix-Clone-App/Info.plist";
				INFOPLIST_KEY_UIApplicationSupportsIndirectInputEvents = YES;
				INFOPLIST_KEY_UILaunchStoryboardName = LaunchScreen;
				INFOPLIST_KEY_UISupportedInterfaceOrientations_iPad = "UIInterfaceOrientationPortrait UIInterfaceOrientationPortraitUpsideDown UIInterfaceOrientationLandscapeLeft UIInterfaceOrientationLandscapeRight";
				INFOPLIST_KEY_UISupportedInterfaceOrientations_iPhone = "UIInterfaceOrientationPortrait UIInterfaceOrientationLandscapeLeft UIInterfaceOrientationLandscapeRight";
				LD_RUNPATH_SEARCH_PATHS = (
					"$(inherited)",
					"@executable_path/Frameworks",
				);
				MARKETING_VERSION = 1.0;
				PRODUCT_BUNDLE_IDENTIFIER = "org.ayc.Study-Netflix-Clone-App";
				PRODUCT_NAME = "$(TARGET_NAME)";
				SWIFT_EMIT_LOC_STRINGS = YES;
				SWIFT_VERSION = 5.0;
				TARGETED_DEVICE_FAMILY = "1,2";
			};
			name = Release;
		};
/* End XCBuildConfiguration section */

/* Begin XCConfigurationList section */
		DB74944E28F5B9720062EE54 /* Build configuration list for PBXProject "Study-Netflix-Clone-App" */ = {
			isa = XCConfigurationList;
			buildConfigurations = (
				DB74946528F5B9740062EE54 /* Debug */,
				DB74946628F5B9740062EE54 /* Release */,
			);
			defaultConfigurationIsVisible = 0;
			defaultConfigurationName = Release;
		};
		DB74946728F5B9740062EE54 /* Build configuration list for PBXNativeTarget "Study-Netflix-Clone-App" */ = {
			isa = XCConfigurationList;
			buildConfigurations = (
				DB74946828F5B9740062EE54 /* Debug */,
				DB74946928F5B9740062EE54 /* Release */,
			);
			defaultConfigurationIsVisible = 0;
			defaultConfigurationName = Release;
		};
/* End XCConfigurationList section */
	};
	rootObject = DB74944B28F5B9720062EE54 /* Project object */;
}
